
Microsoft Visual Studio Solution File, Format Version 12.00
# Visual Studio Version 17
VisualStudioVersion = 17.9.34607.119
MinimumVisualStudioVersion = 10.0.40219.1
Project("{9A19103F-16F7-4668-BE54-9A1E7A4F7556}") = "Authen.API", "Authen.API\Authen.API\Authen.API.csproj", "{9B5D9134-04B5-4660-8E20-9171D56C4BEF}"
EndProject
Global
	GlobalSection(SolutionConfigurationPlatforms) = preSolution
		Debug|Any CPU = Debug|Any CPU
		Release|Any CPU = Release|Any CPU
	EndGlobalSection
	GlobalSection(ProjectConfigurationPlatforms) = postSolution
		{9B5D9134-04B5-4660-8E20-9171D56C4BEF}.Debug|Any CPU.ActiveCfg = Debug|Any CPU
		{9B5D9134-04B5-4660-8E20-9171D56C4BEF}.Debug|Any CPU.Build.0 = Debug|Any CPU
		{9B5D9134-04B5-4660-8E20-9171D56C4BEF}.Release|Any CPU.ActiveCfg = Release|Any CPU
		{9B5D9134-04B5-4660-8E20-9171D56C4BEF}.Release|Any CPU.Build.0 = Release|Any CPU
	EndGlobalSection
	GlobalSection(SolutionProperties) = preSolution
		HideSolutionNode = FALSE
	EndGlobalSection
	GlobalSection(ExtensibilityGlobals) = postSolution
		SolutionGuid = {84A0C85E-723E-4AE5-9301-D10D37114BE1}
	EndGlobalSection
EndGlobal
