
Microsoft Visual Studio Solution File, Format Version 12.00
# Visual Studio Version 17
VisualStudioVersion = 17.9.34607.119
MinimumVisualStudioVersion = 10.0.40219.1
Project("{2150E333-8FDC-42A3-9474-1A3956D46DE8}") = "Authen.API", "Authen.API", "{D2210087-D24A-42F7-9353-A166639109C4}"
EndProject
Project("{2150E333-8FDC-42A3-9474-1A3956D46DE8}") = "Base", "Base", "{6FC63D6E-7470-4D85-AC83-44520E470846}"
EndProject
Project("{2150E333-8FDC-42A3-9474-1A3956D46DE8}") = "Predict.API", "Predict.API", "{64B8A0F0-E7A5-4EB1-9C7D-C09D66044526}"
EndProject
Project("{2150E333-8FDC-42A3-9474-1A3956D46DE8}") = "Report.API", "Report.API", "{FFE4AAE9-A755-48EF-A332-6F4E6A02296E}"
EndProject
Project("{2150E333-8FDC-42A3-9474-1A3956D46DE8}") = "User.API", "User.API", "{CF8A21EB-0499-4D50-9DA2-001AA84A910D}"
EndProject
Project("{2150E333-8FDC-42A3-9474-1A3956D46DE8}") = "Weather.API", "Weather.API", "{023FFF1A-203B-4177-A159-96DCA25EF499}"
EndProject
Project("{9A19103F-16F7-4668-BE54-9A1E7A4F7556}") = "Authen.API", "Authen.API\Authen.API\Authen.API.csproj", "{A1DBBD8A-483C-443B-9442-5D1CC6BA9D70}"
EndProject
Project("{9A19103F-16F7-4668-BE54-9A1E7A4F7556}") = "Authen.BL", "Authen.API\Authen.BL\Authen.BL.csproj", "{B6CF6E1B-C360-49A9-A841-06602315B72B}"
EndProject
Project("{9A19103F-16F7-4668-BE54-9A1E7A4F7556}") = "Authen.DL", "Authen.API\Authen.DL\Authen.DL.csproj", "{2E9D9196-48F8-482C-BDAA-7E10434A2149}"
EndProject
Project("{9A19103F-16F7-4668-BE54-9A1E7A4F7556}") = "Authen.Model", "Authen.API\Authen.Model\Authen.Model.csproj", "{3A70A556-C49B-441D-A63F-AB754F1A91DA}"
EndProject
Project("{9A19103F-16F7-4668-BE54-9A1E7A4F7556}") = "Base", "Base\Base\Base.csproj", "{C03CBFF0-F4D1-439F-A779-BC3FB3C5D57E}"
EndProject
Project("{9A19103F-16F7-4668-BE54-9A1E7A4F7556}") = "Base.BL", "Base\Base.BL\Base.BL.csproj", "{5732EF5F-6EEF-46EF-9E28-DA0AA412FAE1}"
EndProject
Project("{9A19103F-16F7-4668-BE54-9A1E7A4F7556}") = "Base.Controller", "Base\Base.Controller\Base.Controller.csproj", "{EDFDBD4F-B9A5-426D-8B68-B10CF912359C}"
EndProject
Project("{9A19103F-16F7-4668-BE54-9A1E7A4F7556}") = "Base.DL", "Base\Base.DL\Base.DL.csproj", "{E2A4A576-956C-4625-BB4B-E3A5E5E43D6C}"
EndProject
Project("{9A19103F-16F7-4668-BE54-9A1E7A4F7556}") = "Base.Model", "Base\Base.Model\Base.Model.csproj", "{F3A94A9E-7E3B-481E-B1F2-0353D78C2500}"
EndProject
Project("{9A19103F-16F7-4668-BE54-9A1E7A4F7556}") = "Predict.API", "Predict.API\Predict.API\Predict.API.csproj", "{F3AE2F2B-40E1-4A71-857E-D0E0734CF1E1}"
EndProject
Project("{9A19103F-16F7-4668-BE54-9A1E7A4F7556}") = "Predict.BL", "Predict.API\Predict.BL\Predict.BL.csproj", "{5AE26714-FD31-496D-B563-51628B5B1E46}"
EndProject
Project("{9A19103F-16F7-4668-BE54-9A1E7A4F7556}") = "Predict.DL", "Predict.API\Predict.DL\Predict.DL.csproj", "{06D54536-EBD6-49A7-8FCB-4995F0470A98}"
EndProject
Project("{9A19103F-16F7-4668-BE54-9A1E7A4F7556}") = "Predict.Model", "Predict.API\Predict.Model\Predict.Model.csproj", "{3AF4EF92-9053-422F-BE35-0D8D8B8E35EF}"
EndProject
Project("{9A19103F-16F7-4668-BE54-9A1E7A4F7556}") = "Report.API", "Report.API\Report.API\Report.API.csproj", "{94A64A88-1F21-4561-BE23-DD617B807B55}"
EndProject
Project("{9A19103F-16F7-4668-BE54-9A1E7A4F7556}") = "Report.BL", "Report.API\Report.BL\Report.BL.csproj", "{9F7D4174-F150-4CE3-96DC-6D6603E38C9A}"
EndProject
Project("{9A19103F-16F7-4668-BE54-9A1E7A4F7556}") = "Report.DL", "Report.API\Report.DL\Report.DL.csproj", "{CA5EE07A-3C77-42DB-A85A-4B4A84DEFEC2}"
EndProject
Project("{9A19103F-16F7-4668-BE54-9A1E7A4F7556}") = "Report.Model", "Report.API\Report.Model\Report.Model.csproj", "{96A342CE-3AF4-4C19-AA7B-4FFA898B0EE2}"
EndProject
Project("{9A19103F-16F7-4668-BE54-9A1E7A4F7556}") = "User.API", "User.API\User.API\User.API.csproj", "{070E4050-6655-4580-8883-69C6D3102EBD}"
EndProject
Project("{9A19103F-16F7-4668-BE54-9A1E7A4F7556}") = "User.BL", "User.API\User.BL\User.BL.csproj", "{664D7FC5-F233-414F-91B4-938569F6FAC3}"
EndProject
Project("{9A19103F-16F7-4668-BE54-9A1E7A4F7556}") = "User.DL", "User.API\User.DL\User.DL.csproj", "{B9B7FFDD-C942-4856-A3E3-80B03CDEB1F0}"
EndProject
Project("{9A19103F-16F7-4668-BE54-9A1E7A4F7556}") = "User.Model", "User.API\User.Model\User.Model.csproj", "{2E1631DA-7A01-439C-B590-85E2BF5D6EC3}"
EndProject
Project("{9A19103F-16F7-4668-BE54-9A1E7A4F7556}") = "Weather.API", "Weather.API\Weather.API\Weather.API.csproj", "{7BA6148A-5897-4FD0-91F1-72FF34F30210}"
EndProject
Project("{9A19103F-16F7-4668-BE54-9A1E7A4F7556}") = "Weather.BL", "Weather.API\Weather.BL\Weather.BL.csproj", "{C3EDBE01-CB64-49D4-95EA-2C13CC9EA5F6}"
EndProject
Project("{9A19103F-16F7-4668-BE54-9A1E7A4F7556}") = "Weather.Model", "Weather.API\Weather.Model\Weather.Model.csproj", "{D366C205-720D-4CC8-9369-99CBCFB64CFB}"
EndProject
Global
	GlobalSection(SolutionConfigurationPlatforms) = preSolution
		Debug|Any CPU = Debug|Any CPU
		Release|Any CPU = Release|Any CPU
	EndGlobalSection
	GlobalSection(ProjectConfigurationPlatforms) = postSolution
		{A1DBBD8A-483C-443B-9442-5D1CC6BA9D70}.Debug|Any CPU.ActiveCfg = Debug|Any CPU
		{A1DBBD8A-483C-443B-9442-5D1CC6BA9D70}.Debug|Any CPU.Build.0 = Debug|Any CPU
		{A1DBBD8A-483C-443B-9442-5D1CC6BA9D70}.Release|Any CPU.ActiveCfg = Release|Any CPU
		{A1DBBD8A-483C-443B-9442-5D1CC6BA9D70}.Release|Any CPU.Build.0 = Release|Any CPU
		{B6CF6E1B-C360-49A9-A841-06602315B72B}.Debug|Any CPU.ActiveCfg = Debug|Any CPU
		{B6CF6E1B-C360-49A9-A841-06602315B72B}.Debug|Any CPU.Build.0 = Debug|Any CPU
		{B6CF6E1B-C360-49A9-A841-06602315B72B}.Release|Any CPU.ActiveCfg = Release|Any CPU
		{B6CF6E1B-C360-49A9-A841-06602315B72B}.Release|Any CPU.Build.0 = Release|Any CPU
		{2E9D9196-48F8-482C-BDAA-7E10434A2149}.Debug|Any CPU.ActiveCfg = Debug|Any CPU
		{2E9D9196-48F8-482C-BDAA-7E10434A2149}.Debug|Any CPU.Build.0 = Debug|Any CPU
		{2E9D9196-48F8-482C-BDAA-7E10434A2149}.Release|Any CPU.ActiveCfg = Release|Any CPU
		{2E9D9196-48F8-482C-BDAA-7E10434A2149}.Release|Any CPU.Build.0 = Release|Any CPU
		{3A70A556-C49B-441D-A63F-AB754F1A91DA}.Debug|Any CPU.ActiveCfg = Debug|Any CPU
		{3A70A556-C49B-441D-A63F-AB754F1A91DA}.Debug|Any CPU.Build.0 = Debug|Any CPU
		{3A70A556-C49B-441D-A63F-AB754F1A91DA}.Release|Any CPU.ActiveCfg = Release|Any CPU
		{3A70A556-C49B-441D-A63F-AB754F1A91DA}.Release|Any CPU.Build.0 = Release|Any CPU
		{C03CBFF0-F4D1-439F-A779-BC3FB3C5D57E}.Debug|Any CPU.ActiveCfg = Debug|Any CPU
		{C03CBFF0-F4D1-439F-A779-BC3FB3C5D57E}.Debug|Any CPU.Build.0 = Debug|Any CPU
		{C03CBFF0-F4D1-439F-A779-BC3FB3C5D57E}.Release|Any CPU.ActiveCfg = Release|Any CPU
		{C03CBFF0-F4D1-439F-A779-BC3FB3C5D57E}.Release|Any CPU.Build.0 = Release|Any CPU
		{5732EF5F-6EEF-46EF-9E28-DA0AA412FAE1}.Debug|Any CPU.ActiveCfg = Debug|Any CPU
		{5732EF5F-6EEF-46EF-9E28-DA0AA412FAE1}.Debug|Any CPU.Build.0 = Debug|Any CPU
		{5732EF5F-6EEF-46EF-9E28-DA0AA412FAE1}.Release|Any CPU.ActiveCfg = Release|Any CPU
		{5732EF5F-6EEF-46EF-9E28-DA0AA412FAE1}.Release|Any CPU.Build.0 = Release|Any CPU
		{EDFDBD4F-B9A5-426D-8B68-B10CF912359C}.Debug|Any CPU.ActiveCfg = Debug|Any CPU
		{EDFDBD4F-B9A5-426D-8B68-B10CF912359C}.Debug|Any CPU.Build.0 = Debug|Any CPU
		{EDFDBD4F-B9A5-426D-8B68-B10CF912359C}.Release|Any CPU.ActiveCfg = Release|Any CPU
		{EDFDBD4F-B9A5-426D-8B68-B10CF912359C}.Release|Any CPU.Build.0 = Release|Any CPU
		{E2A4A576-956C-4625-BB4B-E3A5E5E43D6C}.Debug|Any CPU.ActiveCfg = Debug|Any CPU
		{E2A4A576-956C-4625-BB4B-E3A5E5E43D6C}.Debug|Any CPU.Build.0 = Debug|Any CPU
		{E2A4A576-956C-4625-BB4B-E3A5E5E43D6C}.Release|Any CPU.ActiveCfg = Release|Any CPU
		{E2A4A576-956C-4625-BB4B-E3A5E5E43D6C}.Release|Any CPU.Build.0 = Release|Any CPU
		{F3A94A9E-7E3B-481E-B1F2-0353D78C2500}.Debug|Any CPU.ActiveCfg = Debug|Any CPU
		{F3A94A9E-7E3B-481E-B1F2-0353D78C2500}.Debug|Any CPU.Build.0 = Debug|Any CPU
		{F3A94A9E-7E3B-481E-B1F2-0353D78C2500}.Release|Any CPU.ActiveCfg = Release|Any CPU
		{F3A94A9E-7E3B-481E-B1F2-0353D78C2500}.Release|Any CPU.Build.0 = Release|Any CPU
		{F3AE2F2B-40E1-4A71-857E-D0E0734CF1E1}.Debug|Any CPU.ActiveCfg = Debug|Any CPU
		{F3AE2F2B-40E1-4A71-857E-D0E0734CF1E1}.Debug|Any CPU.Build.0 = Debug|Any CPU
		{F3AE2F2B-40E1-4A71-857E-D0E0734CF1E1}.Release|Any CPU.ActiveCfg = Release|Any CPU
		{F3AE2F2B-40E1-4A71-857E-D0E0734CF1E1}.Release|Any CPU.Build.0 = Release|Any CPU
		{5AE26714-FD31-496D-B563-51628B5B1E46}.Debug|Any CPU.ActiveCfg = Debug|Any CPU
		{5AE26714-FD31-496D-B563-51628B5B1E46}.Debug|Any CPU.Build.0 = Debug|Any CPU
		{5AE26714-FD31-496D-B563-51628B5B1E46}.Release|Any CPU.ActiveCfg = Release|Any CPU
		{5AE26714-FD31-496D-B563-51628B5B1E46}.Release|Any CPU.Build.0 = Release|Any CPU
		{06D54536-EBD6-49A7-8FCB-4995F0470A98}.Debug|Any CPU.ActiveCfg = Debug|Any CPU
		{06D54536-EBD6-49A7-8FCB-4995F0470A98}.Debug|Any CPU.Build.0 = Debug|Any CPU
		{06D54536-EBD6-49A7-8FCB-4995F0470A98}.Release|Any CPU.ActiveCfg = Release|Any CPU
		{06D54536-EBD6-49A7-8FCB-4995F0470A98}.Release|Any CPU.Build.0 = Release|Any CPU
		{3AF4EF92-9053-422F-BE35-0D8D8B8E35EF}.Debug|Any CPU.ActiveCfg = Debug|Any CPU
		{3AF4EF92-9053-422F-BE35-0D8D8B8E35EF}.Debug|Any CPU.Build.0 = Debug|Any CPU
		{3AF4EF92-9053-422F-BE35-0D8D8B8E35EF}.Release|Any CPU.ActiveCfg = Release|Any CPU
		{3AF4EF92-9053-422F-BE35-0D8D8B8E35EF}.Release|Any CPU.Build.0 = Release|Any CPU
		{94A64A88-1F21-4561-BE23-DD617B807B55}.Debug|Any CPU.ActiveCfg = Debug|Any CPU
		{94A64A88-1F21-4561-BE23-DD617B807B55}.Debug|Any CPU.Build.0 = Debug|Any CPU
		{94A64A88-1F21-4561-BE23-DD617B807B55}.Release|Any CPU.ActiveCfg = Release|Any CPU
		{94A64A88-1F21-4561-BE23-DD617B807B55}.Release|Any CPU.Build.0 = Release|Any CPU
		{9F7D4174-F150-4CE3-96DC-6D6603E38C9A}.Debug|Any CPU.ActiveCfg = Debug|Any CPU
		{9F7D4174-F150-4CE3-96DC-6D6603E38C9A}.Debug|Any CPU.Build.0 = Debug|Any CPU
		{9F7D4174-F150-4CE3-96DC-6D6603E38C9A}.Release|Any CPU.ActiveCfg = Release|Any CPU
		{9F7D4174-F150-4CE3-96DC-6D6603E38C9A}.Release|Any CPU.Build.0 = Release|Any CPU
		{CA5EE07A-3C77-42DB-A85A-4B4A84DEFEC2}.Debug|Any CPU.ActiveCfg = Debug|Any CPU
		{CA5EE07A-3C77-42DB-A85A-4B4A84DEFEC2}.Debug|Any CPU.Build.0 = Debug|Any CPU
		{CA5EE07A-3C77-42DB-A85A-4B4A84DEFEC2}.Release|Any CPU.ActiveCfg = Release|Any CPU
		{CA5EE07A-3C77-42DB-A85A-4B4A84DEFEC2}.Release|Any CPU.Build.0 = Release|Any CPU
		{96A342CE-3AF4-4C19-AA7B-4FFA898B0EE2}.Debug|Any CPU.ActiveCfg = Debug|Any CPU
		{96A342CE-3AF4-4C19-AA7B-4FFA898B0EE2}.Debug|Any CPU.Build.0 = Debug|Any CPU
		{96A342CE-3AF4-4C19-AA7B-4FFA898B0EE2}.Release|Any CPU.ActiveCfg = Release|Any CPU
		{96A342CE-3AF4-4C19-AA7B-4FFA898B0EE2}.Release|Any CPU.Build.0 = Release|Any CPU
		{070E4050-6655-4580-8883-69C6D3102EBD}.Debug|Any CPU.ActiveCfg = Debug|Any CPU
		{070E4050-6655-4580-8883-69C6D3102EBD}.Debug|Any CPU.Build.0 = Debug|Any CPU
		{070E4050-6655-4580-8883-69C6D3102EBD}.Release|Any CPU.ActiveCfg = Release|Any CPU
		{070E4050-6655-4580-8883-69C6D3102EBD}.Release|Any CPU.Build.0 = Release|Any CPU
		{664D7FC5-F233-414F-91B4-938569F6FAC3}.Debug|Any CPU.ActiveCfg = Debug|Any CPU
		{664D7FC5-F233-414F-91B4-938569F6FAC3}.Debug|Any CPU.Build.0 = Debug|Any CPU
		{664D7FC5-F233-414F-91B4-938569F6FAC3}.Release|Any CPU.ActiveCfg = Release|Any CPU
		{664D7FC5-F233-414F-91B4-938569F6FAC3}.Release|Any CPU.Build.0 = Release|Any CPU
		{B9B7FFDD-C942-4856-A3E3-80B03CDEB1F0}.Debug|Any CPU.ActiveCfg = Debug|Any CPU
		{B9B7FFDD-C942-4856-A3E3-80B03CDEB1F0}.Debug|Any CPU.Build.0 = Debug|Any CPU
		{B9B7FFDD-C942-4856-A3E3-80B03CDEB1F0}.Release|Any CPU.ActiveCfg = Release|Any CPU
		{B9B7FFDD-C942-4856-A3E3-80B03CDEB1F0}.Release|Any CPU.Build.0 = Release|Any CPU
		{2E1631DA-7A01-439C-B590-85E2BF5D6EC3}.Debug|Any CPU.ActiveCfg = Debug|Any CPU
		{2E1631DA-7A01-439C-B590-85E2BF5D6EC3}.Debug|Any CPU.Build.0 = Debug|Any CPU
		{2E1631DA-7A01-439C-B590-85E2BF5D6EC3}.Release|Any CPU.ActiveCfg = Release|Any CPU
		{2E1631DA-7A01-439C-B590-85E2BF5D6EC3}.Release|Any CPU.Build.0 = Release|Any CPU
		{7BA6148A-5897-4FD0-91F1-72FF34F30210}.Debug|Any CPU.ActiveCfg = Debug|Any CPU
		{7BA6148A-5897-4FD0-91F1-72FF34F30210}.Debug|Any CPU.Build.0 = Debug|Any CPU
		{7BA6148A-5897-4FD0-91F1-72FF34F30210}.Release|Any CPU.ActiveCfg = Release|Any CPU
		{7BA6148A-5897-4FD0-91F1-72FF34F30210}.Release|Any CPU.Build.0 = Release|Any CPU
		{C3EDBE01-CB64-49D4-95EA-2C13CC9EA5F6}.Debug|Any CPU.ActiveCfg = Debug|Any CPU
		{C3EDBE01-CB64-49D4-95EA-2C13CC9EA5F6}.Debug|Any CPU.Build.0 = Debug|Any CPU
		{C3EDBE01-CB64-49D4-95EA-2C13CC9EA5F6}.Release|Any CPU.ActiveCfg = Release|Any CPU
		{C3EDBE01-CB64-49D4-95EA-2C13CC9EA5F6}.Release|Any CPU.Build.0 = Release|Any CPU
		{D366C205-720D-4CC8-9369-99CBCFB64CFB}.Debug|Any CPU.ActiveCfg = Debug|Any CPU
		{D366C205-720D-4CC8-9369-99CBCFB64CFB}.Debug|Any CPU.Build.0 = Debug|Any CPU
		{D366C205-720D-4CC8-9369-99CBCFB64CFB}.Release|Any CPU.ActiveCfg = Release|Any CPU
		{D366C205-720D-4CC8-9369-99CBCFB64CFB}.Release|Any CPU.Build.0 = Release|Any CPU
	EndGlobalSection
	GlobalSection(SolutionProperties) = preSolution
		HideSolutionNode = FALSE
	EndGlobalSection
	GlobalSection(NestedProjects) = preSolution
		{A1DBBD8A-483C-443B-9442-5D1CC6BA9D70} = {D2210087-D24A-42F7-9353-A166639109C4}
		{B6CF6E1B-C360-49A9-A841-06602315B72B} = {D2210087-D24A-42F7-9353-A166639109C4}
		{2E9D9196-48F8-482C-BDAA-7E10434A2149} = {D2210087-D24A-42F7-9353-A166639109C4}
		{3A70A556-C49B-441D-A63F-AB754F1A91DA} = {D2210087-D24A-42F7-9353-A166639109C4}
		{C03CBFF0-F4D1-439F-A779-BC3FB3C5D57E} = {6FC63D6E-7470-4D85-AC83-44520E470846}
		{5732EF5F-6EEF-46EF-9E28-DA0AA412FAE1} = {6FC63D6E-7470-4D85-AC83-44520E470846}
		{EDFDBD4F-B9A5-426D-8B68-B10CF912359C} = {6FC63D6E-7470-4D85-AC83-44520E470846}
		{E2A4A576-956C-4625-BB4B-E3A5E5E43D6C} = {6FC63D6E-7470-4D85-AC83-44520E470846}
		{F3A94A9E-7E3B-481E-B1F2-0353D78C2500} = {6FC63D6E-7470-4D85-AC83-44520E470846}
		{F3AE2F2B-40E1-4A71-857E-D0E0734CF1E1} = {64B8A0F0-E7A5-4EB1-9C7D-C09D66044526}
		{5AE26714-FD31-496D-B563-51628B5B1E46} = {64B8A0F0-E7A5-4EB1-9C7D-C09D66044526}
		{06D54536-EBD6-49A7-8FCB-4995F0470A98} = {64B8A0F0-E7A5-4EB1-9C7D-C09D66044526}
		{3AF4EF92-9053-422F-BE35-0D8D8B8E35EF} = {64B8A0F0-E7A5-4EB1-9C7D-C09D66044526}
		{94A64A88-1F21-4561-BE23-DD617B807B55} = {FFE4AAE9-A755-48EF-A332-6F4E6A02296E}
		{9F7D4174-F150-4CE3-96DC-6D6603E38C9A} = {FFE4AAE9-A755-48EF-A332-6F4E6A02296E}
		{CA5EE07A-3C77-42DB-A85A-4B4A84DEFEC2} = {FFE4AAE9-A755-48EF-A332-6F4E6A02296E}
		{96A342CE-3AF4-4C19-AA7B-4FFA898B0EE2} = {FFE4AAE9-A755-48EF-A332-6F4E6A02296E}
		{070E4050-6655-4580-8883-69C6D3102EBD} = {CF8A21EB-0499-4D50-9DA2-001AA84A910D}
		{664D7FC5-F233-414F-91B4-938569F6FAC3} = {CF8A21EB-0499-4D50-9DA2-001AA84A910D}
		{B9B7FFDD-C942-4856-A3E3-80B03CDEB1F0} = {CF8A21EB-0499-4D50-9DA2-001AA84A910D}
		{2E1631DA-7A01-439C-B590-85E2BF5D6EC3} = {CF8A21EB-0499-4D50-9DA2-001AA84A910D}
		{7BA6148A-5897-4FD0-91F1-72FF34F30210} = {023FFF1A-203B-4177-A159-96DCA25EF499}
		{C3EDBE01-CB64-49D4-95EA-2C13CC9EA5F6} = {023FFF1A-203B-4177-A159-96DCA25EF499}
		{D366C205-720D-4CC8-9369-99CBCFB64CFB} = {023FFF1A-203B-4177-A159-96DCA25EF499}
	EndGlobalSection
	GlobalSection(ExtensibilityGlobals) = postSolution
		SolutionGuid = {84A0C85E-723E-4AE5-9301-D10D37114BE1}
	EndGlobalSection
EndGlobal
