
Microsoft Visual Studio Solution File, Format Version 12.00
# Visual Studio Version 17
VisualStudioVersion = 17.9.34607.119
MinimumVisualStudioVersion = 10.0.40219.1
Project("{FAE04EC0-301F-11D3-BF4B-00C04F79EFBC}") = "Base", "Base\Base.csproj", "{13B92B83-C4D2-4AE3-9A34-1D9C809A8074}"
EndProject
Project("{FAE04EC0-301F-11D3-BF4B-00C04F79EFBC}") = "Base.Controller", "Base.Controller\Base.Controller.csproj", "{91D54D57-1407-48CA-9C27-967BECEB7E0B}"
EndProject
Project("{FAE04EC0-301F-11D3-BF4B-00C04F79EFBC}") = "Base.BL", "Base.BL\Base.BL.csproj", "{8D4D934F-1DBD-4AB8-9FA1-D8590BB9E8A2}"
EndProject
Project("{FAE04EC0-301F-11D3-BF4B-00C04F79EFBC}") = "Base.DL", "Base.DL\Base.DL.csproj", "{8F3E7CA4-A961-4DCD-80C2-1207C45FF771}"
EndProject
Project("{FAE04EC0-301F-11D3-BF4B-00C04F79EFBC}") = "Base.Model", "Base.Model\Base.Model.csproj", "{FB6707D3-8974-46E0-94D6-2DF28DBB446C}"
EndProject
Global
	GlobalSection(SolutionConfigurationPlatforms) = preSolution
		Debug|Any CPU = Debug|Any CPU
		Release|Any CPU = Release|Any CPU
	EndGlobalSection
	GlobalSection(ProjectConfigurationPlatforms) = postSolution
		{13B92B83-C4D2-4AE3-9A34-1D9C809A8074}.Debug|Any CPU.ActiveCfg = Debug|Any CPU
		{13B92B83-C4D2-4AE3-9A34-1D9C809A8074}.Debug|Any CPU.Build.0 = Debug|Any CPU
		{13B92B83-C4D2-4AE3-9A34-1D9C809A8074}.Release|Any CPU.ActiveCfg = Release|Any CPU
		{13B92B83-C4D2-4AE3-9A34-1D9C809A8074}.Release|Any CPU.Build.0 = Release|Any CPU
		{91D54D57-1407-48CA-9C27-967BECEB7E0B}.Debug|Any CPU.ActiveCfg = Debug|Any CPU
		{91D54D57-1407-48CA-9C27-967BECEB7E0B}.Debug|Any CPU.Build.0 = Debug|Any CPU
		{91D54D57-1407-48CA-9C27-967BECEB7E0B}.Release|Any CPU.ActiveCfg = Release|Any CPU
		{91D54D57-1407-48CA-9C27-967BECEB7E0B}.Release|Any CPU.Build.0 = Release|Any CPU
		{8D4D934F-1DBD-4AB8-9FA1-D8590BB9E8A2}.Debug|Any CPU.ActiveCfg = Debug|Any CPU
		{8D4D934F-1DBD-4AB8-9FA1-D8590BB9E8A2}.Debug|Any CPU.Build.0 = Debug|Any CPU
		{8D4D934F-1DBD-4AB8-9FA1-D8590BB9E8A2}.Release|Any CPU.ActiveCfg = Release|Any CPU
		{8D4D934F-1DBD-4AB8-9FA1-D8590BB9E8A2}.Release|Any CPU.Build.0 = Release|Any CPU
		{8F3E7CA4-A961-4DCD-80C2-1207C45FF771}.Debug|Any CPU.ActiveCfg = Debug|Any CPU
		{8F3E7CA4-A961-4DCD-80C2-1207C45FF771}.Debug|Any CPU.Build.0 = Debug|Any CPU
		{8F3E7CA4-A961-4DCD-80C2-1207C45FF771}.Release|Any CPU.ActiveCfg = Release|Any CPU
		{8F3E7CA4-A961-4DCD-80C2-1207C45FF771}.Release|Any CPU.Build.0 = Release|Any CPU
		{FB6707D3-8974-46E0-94D6-2DF28DBB446C}.Debug|Any CPU.ActiveCfg = Debug|Any CPU
		{FB6707D3-8974-46E0-94D6-2DF28DBB446C}.Debug|Any CPU.Build.0 = Debug|Any CPU
		{FB6707D3-8974-46E0-94D6-2DF28DBB446C}.Release|Any CPU.ActiveCfg = Release|Any CPU
		{FB6707D3-8974-46E0-94D6-2DF28DBB446C}.Release|Any CPU.Build.0 = Release|Any CPU
	EndGlobalSection
	GlobalSection(SolutionProperties) = preSolution
		HideSolutionNode = FALSE
	EndGlobalSection
	GlobalSection(ExtensibilityGlobals) = postSolution
		SolutionGuid = {1EBF2659-CB9E-4F59-969B-040F972084E9}
	EndGlobalSection
EndGlobal
